github.com/jsonicjs/directive/go v0.1.4 h1:K7ai2ccoh8d23mjCK8/YMjEDbzb6+jWcepOL3YubpKo=
github.com/jsonicjs/directive/go v0.1.4/go.mod h1:PMjJ3EulIhdo1R0o9bOUvSUOTCPvM/xCzo1O35VBiXs=
github.com/jsonicjs/jsonic/go v0.1.22 h1:sam238fTyjDq0nby9TYS+aCCHprLl91ArQPWLCg2O0Y=
github.com/jsonicjs/jsonic/go v0.1.22/go.mod h1:ObNKlCG7esWoi4AHCpdgkILvPINV8bpvkbCd4llGGUg=
github.com/jsonicjs/path/go v0.1.2 h1:Pk7PZIiRq64iodssEVtaJw+4jHiJe84aFtmKDUasXAo=
github.com/jsonicjs/path/go v0.1.2/go.mod h1:ffXuSMg950pdfU3wapeK6QnyvZrV5yHFSj4ifwmsgmU=
