github.com/jsonicjs/directive/go v0.1.2-0.20260418140749-9355df887eff h1:7dsCMlacsKU67IxjR3YA8WdswzbJgfWXG+dSyFVtKTI=
github.com/jsonicjs/directive/go v0.1.2-0.20260418140749-9355df887eff/go.mod h1:8vStmea7Om9NrI205Rs3JkaRk9BluWl5xsJeubNA2tY=
github.com/jsonicjs/jsonic/go v0.1.19-0.20260418131021-ec70f537dda6 h1:ir3VMZHrFbCGqj/LcBadgB4VVsa13UkCOXUeV6fDkGw=
github.com/jsonicjs/jsonic/go v0.1.19-0.20260418131021-ec70f537dda6/go.mod h1:ObNKlCG7esWoi4AHCpdgkILvPINV8bpvkbCd4llGGUg=
github.com/jsonicjs/path/go v0.1.1-0.20260418140640-6d7812fba3ee h1:bnRpKmv8S5++wV0THiLw4gFBS84eDTfeBOBsD5c19Sk=
github.com/jsonicjs/path/go v0.1.1-0.20260418140640-6d7812fba3ee/go.mod h1:oVOtn7SlkYtff2EwQn7L6nV0SvXmjocOqxxmNOCvKj8=
